
Microsoft Visual Studio Solution File, Format Version 12.00
# Visual Studio Version 16
VisualStudioVersion = 16.0.30002.166
MinimumVisualStudioVersion = 10.0.40219.1
Project("{FAE04EC0-301F-11D3-BF4B-00C04F79EFBC}") = "PhoneSpravachnik", "PhoneSpravachnik\PhoneSpravachnik.csproj", "{2A886911-1233-40AF-B025-F27EF6D31F4E}"
EndProject
Global
	GlobalSection(SolutionConfigurationPlatforms) = preSolution
		Debug|Any CPU = Debug|Any CPU
		Release|Any CPU = Release|Any CPU
	EndGlobalSection
	GlobalSection(ProjectConfigurationPlatforms) = postSolution
		{2A886911-1233-40AF-B025-F27EF6D31F4E}.Debug|Any CPU.ActiveCfg = Debug|Any CPU
		{2A886911-1233-40AF-B025-F27EF6D31F4E}.Debug|Any CPU.Build.0 = Debug|Any CPU
		{2A886911-1233-40AF-B025-F27EF6D31F4E}.Release|Any CPU.ActiveCfg = Release|Any CPU
		{2A886911-1233-40AF-B025-F27EF6D31F4E}.Release|Any CPU.Build.0 = Release|Any CPU
	EndGlobalSection
	GlobalSection(SolutionProperties) = preSolution
		HideSolutionNode = FALSE
	EndGlobalSection
	GlobalSection(ExtensibilityGlobals) = postSolution
		SolutionGuid = {F60E1FEB-788D-4873-BB65-888C0AD158C7}
	EndGlobalSection
EndGlobal
